
Microsoft Visual Studio Solution File, Format Version 12.00
# Visual Studio Version 17
VisualStudioVersion = 17.1.32319.34
MinimumVisualStudioVersion = 10.0.40219.1
Project("{FAE04EC0-301F-11D3-BF4B-00C04F79EFBC}") = "ReporioProject", "ReporioProject\ReporioProject.csproj", "{5DB7244F-8ABD-4FD3-A101-BF47F54ACF3A}"
EndProject
Global
	GlobalSection(SolutionConfigurationPlatforms) = preSolution
		Debug|Any CPU = Debug|Any CPU
		Release|Any CPU = Release|Any CPU
	EndGlobalSection
	GlobalSection(ProjectConfigurationPlatforms) = postSolution
		{5DB7244F-8ABD-4FD3-A101-BF47F54ACF3A}.Debug|Any CPU.ActiveCfg = Debug|Any CPU
		{5DB7244F-8ABD-4FD3-A101-BF47F54ACF3A}.Debug|Any CPU.Build.0 = Debug|Any CPU
		{5DB7244F-8ABD-4FD3-A101-BF47F54ACF3A}.Release|Any CPU.ActiveCfg = Release|Any CPU
		{5DB7244F-8ABD-4FD3-A101-BF47F54ACF3A}.Release|Any CPU.Build.0 = Release|Any CPU
	EndGlobalSection
	GlobalSection(SolutionProperties) = preSolution
		HideSolutionNode = FALSE
	EndGlobalSection
	GlobalSection(ExtensibilityGlobals) = postSolution
		SolutionGuid = {B49E4A62-8C89-484A-86C1-6C0955E0F8D6}
	EndGlobalSection
EndGlobal
